Microsoft Visual Studio Solution File, Format Version 12.00
# Visual Studio Version 17
VisualStudioVersion = 17.5.2.0
MinimumVisualStudioVersion = 10.0.40219.1
Project("{2150E333-8FDC-42A3-9474-1A3956D46DE8}") = "backend-api", "backend-api", "{C7FBAADB-A4A8-78B7-47F9-FD25697BB121}"
EndProject
Project("{FAE04EC0-301F-11D3-BF4B-00C04F79EFBC}") = "EcommerceMM.Api", "backend-api\EcommerceMM.Api\EcommerceMM.Api.csproj", "{604AD228-60DE-3DB1-9A15-216ECD0AACE6}"
EndProject
Global
	GlobalSection(SolutionConfigurationPlatforms) = preSolution
		Debug|Any CPU = Debug|Any CPU
		Release|Any CPU = Release|Any CPU
	EndGlobalSection
	GlobalSection(ProjectConfigurationPlatforms) = postSolution
		{604AD228-60DE-3DB1-9A15-216ECD0AACE6}.Debug|Any CPU.ActiveCfg = Debug|Any CPU
		{604AD228-60DE-3DB1-9A15-216ECD0AACE6}.Debug|Any CPU.Build.0 = Debug|Any CPU
		{604AD228-60DE-3DB1-9A15-216ECD0AACE6}.Release|Any CPU.ActiveCfg = Release|Any CPU
		{604AD228-60DE-3DB1-9A15-216ECD0AACE6}.Release|Any CPU.Build.0 = Release|Any CPU
	EndGlobalSection
	GlobalSection(SolutionProperties) = preSolution
		HideSolutionNode = FALSE
	EndGlobalSection
	GlobalSection(NestedProjects) = preSolution
		{604AD228-60DE-3DB1-9A15-216ECD0AACE6} = {C7FBAADB-A4A8-78B7-47F9-FD25697BB121}
	EndGlobalSection
	GlobalSection(ExtensibilityGlobals) = postSolution
		SolutionGuid = {C742043E-9FF6-4968-A71C-A902AFE535A5}
	EndGlobalSection
EndGlobal
